
Microsoft Visual Studio Solution File, Format Version 12.00
# Visual Studio Version 16
VisualStudioVersion = 16.0.30413.136
MinimumVisualStudioVersion = 10.0.40219.1
Project("{8BC9CEB8-8B4A-11D0-8D11-00A0C91BC942}") = "train1", "train1.vcxproj", "{BBDC8E2A-CB5C-4BC2-878F-02B4452AFAAE}"
EndProject
Global
	GlobalSection(SolutionConfigurationPlatforms) = preSolution
		Debug|x64 = Debug|x64
		Debug|x86 = Debug|x86
		Release|x64 = Release|x64
		Release|x86 = Release|x86
	EndGlobalSection
	GlobalSection(ProjectConfigurationPlatforms) = postSolution
		{BBDC8E2A-CB5C-4BC2-878F-02B4452AFAAE}.Debug|x64.ActiveCfg = Debug|x64
		{BBDC8E2A-CB5C-4BC2-878F-02B4452AFAAE}.Debug|x64.Build.0 = Debug|x64
		{BBDC8E2A-CB5C-4BC2-878F-02B4452AFAAE}.Debug|x86.ActiveCfg = Debug|Win32
		{BBDC8E2A-CB5C-4BC2-878F-02B4452AFAAE}.Debug|x86.Build.0 = Debug|Win32
		{BBDC8E2A-CB5C-4BC2-878F-02B4452AFAAE}.Release|x64.ActiveCfg = Release|x64
		{BBDC8E2A-CB5C-4BC2-878F-02B4452AFAAE}.Release|x64.Build.0 = Release|x64
		{BBDC8E2A-CB5C-4BC2-878F-02B4452AFAAE}.Release|x86.ActiveCfg = Release|Win32
		{BBDC8E2A-CB5C-4BC2-878F-02B4452AFAAE}.Release|x86.Build.0 = Release|Win32
	EndGlobalSection
	GlobalSection(SolutionProperties) = preSolution
		HideSolutionNode = FALSE
	EndGlobalSection
	GlobalSection(ExtensibilityGlobals) = postSolution
		SolutionGuid = {BF888D7B-9979-4C25-87C4-119AB6773E03}
	EndGlobalSection
EndGlobal
